// !$*UTF8*$!
{
	archiveVersion = 1;
	classes = {
	};
	objectVersion = 50;
	objects = {

/* Begin PBXBuildFile section */
		631EEAE524F5FE96009649F9 /* ScrapsToShareData.swift in Sources */ = {isa = PBXBuildFile; fileRef = 631EEAE424F5FE96009649F9 /* ScrapsToShareData.swift */; };
		631EEAE724F5FEF6009649F9 /* FilesManager.swift in Sources */ = {isa = PBXBuildFile; fileRef = 631EEAE624F5FEF6009649F9 /* FilesManager.swift */; };
		632B05E724E4F5D1001FAD07 /* FoldinSecondPageViewController.swift in Sources */ = {isa = PBXBuildFile; fileRef = 632B05E624E4F5D1001FAD07 /* FoldinSecondPageViewController.swift */; };
		637E563624218E4B00FA2739 /* HelpViewController.swift in Sources */ = {isa = PBXBuildFile; fileRef = 637E563524218E4B00FA2739 /* HelpViewController.swift */; };
		638C5D6D24DE5FFF00238D42 /* FoldinViewController.swift in Sources */ = {isa = PBXBuildFile; fileRef = 638C5D6C24DE5FFF00238D42 /* FoldinViewController.swift */; };
		63953A8923CBC07B0033ACFF /* AppDelegate.swift in Sources */ = {isa = PBXBuildFile; fileRef = 63953A8823CBC07B0033ACFF /* AppDelegate.swift */; };
		63953A8B23CBC07B0033ACFF /* SceneDelegate.swift in Sources */ = {isa = PBXBuildFile; fileRef = 63953A8A23CBC07B0033ACFF /* SceneDelegate.swift */; };
		63953A8D23CBC07B0033ACFF /* ContentView.swift in Sources */ = {isa = PBXBuildFile; fileRef = 63953A8C23CBC07B0033ACFF /* ContentView.swift */; };
		63953A8F23CBC07E0033ACFF /* Assets.xcassets in Resources */ = {isa = PBXBuildFile; fileRef = 63953A8E23CBC07E0033ACFF /* Assets.xcassets */; };
		63953A9223CBC07E0033ACFF /* Preview Assets.xcassets in Resources */ = {isa = PBXBuildFile; fileRef = 63953A9123CBC07E0033ACFF /* Preview Assets.xcassets */; };
		63953A9523CBC07E0033ACFF /* LaunchScreen.storyboard in Resources */ = {isa = PBXBuildFile; fileRef = 63953A9323CBC07E0033ACFF /* LaunchScreen.storyboard */; };
		63953A9D23CBC0AB0033ACFF /* TextInputController.swift in Sources */ = {isa = PBXBuildFile; fileRef = 63953A9C23CBC0AB0033ACFF /* TextInputController.swift */; };
		63953AA423CD2E950033ACFF /* LyricsController.swift in Sources */ = {isa = PBXBuildFile; fileRef = 63953AA323CD2E950033ACFF /* LyricsController.swift */; };
		63953AA623CD3F380033ACFF /* ScrapTableViewCell.swift in Sources */ = {isa = PBXBuildFile; fileRef = 63953AA523CD3F380033ACFF /* ScrapTableViewCell.swift */; };
/* End PBXBuildFile section */

/* Begin PBXFileReference section */
		631EEAE424F5FE96009649F9 /* ScrapsToShareData.swift */ = {isa = PBXFileReference; lastKnownFileType = sourcecode.swift; path = ScrapsToShareData.swift; sourceTree = "<group>"; };
		631EEAE624F5FEF6009649F9 /* FilesManager.swift */ = {isa = PBXFileReference; lastKnownFileType = sourcecode.swift; path = FilesManager.swift; sourceTree = "<group>"; };
		632B05E624E4F5D1001FAD07 /* FoldinSecondPageViewController.swift */ = {isa = PBXFileReference; lastKnownFileType = sourcecode.swift; path = FoldinSecondPageViewController.swift; sourceTree = "<group>"; };
		637E563524218E4B00FA2739 /* HelpViewController.swift */ = {isa = PBXFileReference; lastKnownFileType = sourcecode.swift; path = HelpViewController.swift; sourceTree = "<group>"; };
		638C5D6C24DE5FFF00238D42 /* FoldinViewController.swift */ = {isa = PBXFileReference; lastKnownFileType = sourcecode.swift; path = FoldinViewController.swift; sourceTree = "<group>"; };
		63953A8523CBC07B0033ACFF /* Cut-ups.app */ = {isa = PBXFileReference; explicitFileType = wrapper.application; includeInIndex = 0; path = "Cut-ups.app"; sourceTree = BUILT_PRODUCTS_DIR; };
		63953A8823CBC07B0033ACFF /* AppDelegate.swift */ = {isa = PBXFileReference; lastKnownFileType = sourcecode.swift; path = AppDelegate.swift; sourceTree = "<group>"; };
		63953A8A23CBC07B0033ACFF /* SceneDelegate.swift */ = {isa = PBXFileReference; lastKnownFileType = sourcecode.swift; path = SceneDelegate.swift; sourceTree = "<group>"; };
		63953A8C23CBC07B0033ACFF /* ContentView.swift */ = {isa = PBXFileReference; lastKnownFileType = sourcecode.swift; path = ContentView.swift; sourceTree = "<group>"; };
		63953A8E23CBC07E0033ACFF /* Assets.xcassets */ = {isa = PBXFileReference; lastKnownFileType = folder.assetcatalog; path = Assets.xcassets; sourceTree = "<group>"; };
		63953A9123CBC07E0033ACFF /* Preview Assets.xcassets */ = {isa = PBXFileReference; lastKnownFileType = folder.assetcatalog; path = "Preview Assets.xcassets"; sourceTree = "<group>"; };
		63953A9423CBC07E0033ACFF /* Base */ = {isa = PBXFileReference; lastKnownFileType = file.storyboard; name = Base; path = Base.lproj/LaunchScreen.storyboard; sourceTree = "<group>"; };
		63953A9623CBC07E0033ACFF /* Info.plist */ = {isa = PBXFileReference; lastKnownFileType = text.plist.xml; path = Info.plist; sourceTree = "<group>"; };
		63953A9C23CBC0AB0033ACFF /* TextInputController.swift */ = {isa = PBXFileReference; lastKnownFileType = sourcecode.swift; path = TextInputController.swift; sourceTree = "<group>"; };
		63953AA323CD2E950033ACFF /* LyricsController.swift */ = {isa = PBXFileReference; lastKnownFileType = sourcecode.swift; path = LyricsController.swift; sourceTree = "<group>"; };
		63953AA523CD3F380033ACFF /* ScrapTableViewCell.swift */ = {isa = PBXFileReference; lastKnownFileType = sourcecode.swift; path = ScrapTableViewCell.swift; sourceTree = "<group>"; };
/* End PBXFileReference section */

/* Begin PBXFrameworksBuildPhase section */
		63953A8223CBC07B0033ACFF /* Frameworks */ = {
			isa = PBXFrameworksBuildPhase;
			buildActionMask = 2147483647;
			files = (
			);
			runOnlyForDeploymentPostprocessing = 0;
		};
/* End PBXFrameworksBuildPhase section */

/* Begin PBXGroup section */
		63953A7C23CBC07B0033ACFF = {
			isa = PBXGroup;
			children = (
				63953A8723CBC07B0033ACFF /* CutUpsTwo */,
				63953A8623CBC07B0033ACFF /* Products */,
			);
			sourceTree = "<group>";
		};
		63953A8623CBC07B0033ACFF /* Products */ = {
			isa = PBXGroup;
			children = (
				63953A8523CBC07B0033ACFF /* Cut-ups.app */,
			);
			name = Products;
			sourceTree = "<group>";
		};
		63953A8723CBC07B0033ACFF /* CutUpsTwo */ = {
			isa = PBXGroup;
			children = (
				63953A8823CBC07B0033ACFF /* AppDelegate.swift */,
				63953A9C23CBC0AB0033ACFF /* TextInputController.swift */,
				631EEAE424F5FE96009649F9 /* ScrapsToShareData.swift */,
				638C5D6C24DE5FFF00238D42 /* FoldinViewController.swift */,
				632B05E624E4F5D1001FAD07 /* FoldinSecondPageViewController.swift */,
				637E563524218E4B00FA2739 /* HelpViewController.swift */,
				63953AA323CD2E950033ACFF /* LyricsController.swift */,
				631EEAE624F5FEF6009649F9 /* FilesManager.swift */,
				63953AA523CD3F380033ACFF /* ScrapTableViewCell.swift */,
				63953A8A23CBC07B0033ACFF /* SceneDelegate.swift */,
				63953A8C23CBC07B0033ACFF /* ContentView.swift */,
				63953A8E23CBC07E0033ACFF /* Assets.xcassets */,
				63953A9323CBC07E0033ACFF /* LaunchScreen.storyboard */,
				63953A9623CBC07E0033ACFF /* Info.plist */,
				63953A9023CBC07E0033ACFF /* Preview Content */,
			);
			path = CutUpsTwo;
			sourceTree = "<group>";
		};
		63953A9023CBC07E0033ACFF /* Preview Content */ = {
			isa = PBXGroup;
			children = (
				63953A9123CBC07E0033ACFF /* Preview Assets.xcassets */,
			);
			path = "Preview Content";
			sourceTree = "<group>";
		};
/* End PBXGroup section */

/* Begin PBXNativeTarget section */
		63953A8423CBC07B0033ACFF /* CutUpsTwo */ = {
			isa = PBXNativeTarget;
			buildConfigurationList = 63953A9923CBC07E0033ACFF /* Build configuration list for PBXNativeTarget "CutUpsTwo" */;
			buildPhases = (
				63953A8123CBC07B0033ACFF /* Sources */,
				63953A8223CBC07B0033ACFF /* Frameworks */,
				63953A8323CBC07B0033ACFF /* Resources */,
			);
			buildRules = (
			);
			dependencies = (
			);
			name = CutUpsTwo;
			productName = CutUpsTwo;
			productReference = 63953A8523CBC07B0033ACFF /* Cut-ups.app */;
			productType = "com.apple.product-type.application";
		};
/* End PBXNativeTarget section */

/* Begin PBXProject section */
		63953A7D23CBC07B0033ACFF /* Project object */ = {
			isa = PBXProject;
			attributes = {
				LastSwiftUpdateCheck = 1130;
				LastUpgradeCheck = 1130;
				ORGANIZATIONNAME = "Geoffry Gambling";
				TargetAttributes = {
					63953A8423CBC07B0033ACFF = {
						CreatedOnToolsVersion = 11.3;
					};
				};
			};
			buildConfigurationList = 63953A8023CBC07B0033ACFF /* Build configuration list for PBXProject "CutUpsTwo" */;
			compatibilityVersion = "Xcode 9.3";
			developmentRegion = en;
			hasScannedForEncodings = 0;
			knownRegions = (
				en,
				Base,
			);
			mainGroup = 63953A7C23CBC07B0033ACFF;
			productRefGroup = 63953A8623CBC07B0033ACFF /* Products */;
			projectDirPath = "";
			projectRoot = "";
			targets = (
				63953A8423CBC07B0033ACFF /* CutUpsTwo */,
			);
		};
/* End PBXProject section */

/* Begin PBXResourcesBuildPhase section */
		63953A8323CBC07B0033ACFF /* Resources */ = {
			isa = PBXResourcesBuildPhase;
			buildActionMask = 2147483647;
			files = (
				63953A9523CBC07E0033ACFF /* LaunchScreen.storyboard in Resources */,
				63953A9223CBC07E0033ACFF /* Preview Assets.xcassets in Resources */,
				63953A8F23CBC07E0033ACFF /* Assets.xcassets in Resources */,
			);
			runOnlyForDeploymentPostprocessing = 0;
		};
/* End PBXResourcesBuildPhase section */

/* Begin PBXSourcesBuildPhase section */
		63953A8123CBC07B0033ACFF /* Sources */ = {
			isa = PBXSourcesBuildPhase;
			buildActionMask = 2147483647;
			files = (
				638C5D6D24DE5FFF00238D42 /* FoldinViewController.swift in Sources */,
				637E563624218E4B00FA2739 /* HelpViewController.swift in Sources */,
				63953A8923CBC07B0033ACFF /* AppDelegate.swift in Sources */,
				63953AA423CD2E950033ACFF /* LyricsController.swift in Sources */,
				631EEAE524F5FE96009649F9 /* ScrapsToShareData.swift in Sources */,
				63953A9D23CBC0AB0033ACFF /* TextInputController.swift in Sources */,
				63953A8B23CBC07B0033ACFF /* SceneDelegate.swift in Sources */,
				63953A8D23CBC07B0033ACFF /* ContentView.swift in Sources */,
				63953AA623CD3F380033ACFF /* ScrapTableViewCell.swift in Sources */,
				631EEAE724F5FEF6009649F9 /* FilesManager.swift in Sources */,
				632B05E724E4F5D1001FAD07 /* FoldinSecondPageViewController.swift in Sources */,
			);
			runOnlyForDeploymentPostprocessing = 0;
		};
/* End PBXSourcesBuildPhase section */

/* Begin PBXVariantGroup section */
		63953A9323CBC07E0033ACFF /* LaunchScreen.storyboard */ = {
			isa = PBXVariantGroup;
			children = (
				63953A9423CBC07E0033ACFF /* Base */,
			);
			name = LaunchScreen.storyboard;
			sourceTree = "<group>";
		};
/* End PBXVariantGroup section */

/* Begin XCBuildConfiguration section */
		63953A9723CBC07E0033ACFF /* Debug */ = {
			isa = XCBuildConfiguration;
			buildSettings = {
				ALWAYS_SEARCH_USER_PATHS = NO;
				CLANG_ANALYZER_NONNULL = YES;
				CLANG_ANALYZER_NUMBER_OBJECT_CONVERSION = YES_AGGRESSIVE;
				CLANG_CXX_LANGUAGE_STANDARD = "gnu++14";
				CLANG_CXX_LIBRARY = "libc++";
				CLANG_ENABLE_MODULES = YES;
				CLANG_ENABLE_OBJC_ARC = YES;
				CLANG_ENABLE_OBJC_WEAK = YES;
				CLANG_WARN_BLOCK_CAPTURE_AUTORELEASING = YES;
				CLANG_WARN_BOOL_CONVERSION = YES;
				CLANG_WARN_COMMA = YES;
				CLANG_WARN_CONSTANT_CONVERSION = YES;
				CLANG_WARN_DEPRECATED_OBJC_IMPLEMENTATIONS = YES;
				CLANG_WARN_DIRECT_OBJC_ISA_USAGE = YES_ERROR;
				CLANG_WARN_DOCUMENTATION_COMMENTS = YES;
				CLANG_WARN_EMPTY_BODY = YES;
				CLANG_WARN_ENUM_CONVERSION = YES;
				CLANG_WARN_INFINITE_RECURSION = YES;
				CLANG_WARN_INT_CONVERSION = YES;
				CLANG_WARN_NON_LITERAL_NULL_CONVERSION = YES;
				CLANG_WARN_OBJC_IMPLICIT_RETAIN_SELF = YES;
				CLANG_WARN_OBJC_LITERAL_CONVERSION = YES;
				CLANG_WARN_OBJC_ROOT_CLASS = YES_ERROR;
				CLANG_WARN_RANGE_LOOP_ANALYSIS = YES;
				CLANG_WARN_STRICT_PROTOTYPES = YES;
				CLANG_WARN_SUSPICIOUS_MOVE = YES;
				CLANG_WARN_UNGUARDED_AVAILABILITY = YES_AGGRESSIVE;
				CLANG_WARN_UNREACHABLE_CODE = YES;
				CLANG_WARN__DUPLICATE_METHOD_MATCH = YES;
				COPY_PHASE_STRIP = NO;
				DEBUG_INFORMATION_FORMAT = dwarf;
				ENABLE_STRICT_OBJC_MSGSEND = YES;
				ENABLE_TESTABILITY = YES;
				GCC_C_LANGUAGE_STANDARD = gnu11;
				GCC_DYNAMIC_NO_PIC = NO;
				GCC_NO_COMMON_BLOCKS = YES;
				GCC_OPTIMIZATION_LEVEL = 0;
				GCC_PREPROCESSOR_DEFINITIONS = (
					"DEBUG=1",
					"$(inherited)",
				);
				GCC_WARN_64_TO_32_BIT_CONVERSION = YES;
				GCC_WARN_ABOUT_RETURN_TYPE = YES_ERROR;
				GCC_WARN_UNDECLARED_SELECTOR = YES;
				GCC_WARN_UNINITIALIZED_AUTOS = YES_AGGRESSIVE;
				GCC_WARN_UNUSED_FUNCTION = YES;
				GCC_WARN_UNUSED_VARIABLE = YES;
				IPHONEOS_DEPLOYMENT_TARGET = 13.2;
				MTL_ENABLE_DEBUG_INFO = INCLUDE_SOURCE;
				MTL_FAST_MATH = YES;
				ONLY_ACTIVE_ARCH = YES;
				SDKROOT = iphoneos;
				SWIFT_ACTIVE_COMPILATION_CONDITIONS = DEBUG;
				SWIFT_OPTIMIZATION_LEVEL = "-Onone";
			};
			name = Debug;
		};
		63953A9823CBC07E0033ACFF /* Release */ = {
			isa = XCBuildConfiguration;
			buildSettings = {
				ALWAYS_SEARCH_USER_PATHS = NO;
				CLANG_ANALYZER_NONNULL = YES;
				CLANG_ANALYZER_NUMBER_OBJECT_CONVERSION = YES_AGGRESSIVE;
				CLANG_CXX_LANGUAGE_STANDARD = "gnu++14";
				CLANG_CXX_LIBRARY = "libc++";
				CLANG_ENABLE_MODULES = YES;
				CLANG_ENABLE_OBJC_ARC = YES;
				CLANG_ENABLE_OBJC_WEAK = YES;
				CLANG_WARN_BLOCK_CAPTURE_AUTORELEASING = YES;
				CLANG_WARN_BOOL_CONVERSION = YES;
				CLANG_WARN_COMMA = YES;
				CLANG_WARN_CONSTANT_CONVERSION = YES;
				CLANG_WARN_DEPRECATED_OBJC_IMPLEMENTATIONS = YES;
				CLANG_WARN_DIRECT_OBJC_ISA_USAGE = YES_ERROR;
				CLANG_WARN_DOCUMENTATION_COMMENTS = YES;
				CLANG_WARN_EMPTY_BODY = YES;
				CLANG_WARN_ENUM_CONVERSION = YES;
				CLANG_WARN_INFINITE_RECURSION = YES;
				CLANG_WARN_INT_CONVERSION = YES;
				CLANG_WARN_NON_LITERAL_NULL_CONVERSION = YES;
				CLANG_WARN_OBJC_IMPLICIT_RETAIN_SELF = YES;
				CLANG_WARN_OBJC_LITERAL_CONVERSION = YES;
				CLANG_WARN_OBJC_ROOT_CLASS = YES_ERROR;
				CLANG_WARN_RANGE_LOOP_ANALYSIS = YES;
				CLANG_WARN_STRICT_PROTOTYPES = YES;
				CLANG_WARN_SUSPICIOUS_MOVE = YES;
				CLANG_WARN_UNGUARDED_AVAILABILITY = YES_AGGRESSIVE;
				CLANG_WARN_UNREACHABLE_CODE = YES;
				CLANG_WARN__DUPLICATE_METHOD_MATCH = YES;
				COPY_PHASE_STRIP = NO;
				DEBUG_INFORMATION_FORMAT = "dwarf-with-dsym";
				ENABLE_NS_ASSERTIONS = NO;
				ENABLE_STRICT_OBJC_MSGSEND = YES;
				GCC_C_LANGUAGE_STANDARD = gnu11;
				GCC_NO_COMMON_BLOCKS = YES;
				GCC_WARN_64_TO_32_BIT_CONVERSION = YES;
				GCC_WARN_ABOUT_RETURN_TYPE = YES_ERROR;
				GCC_WARN_UNDECLARED_SELECTOR = YES;
				GCC_WARN_UNINITIALIZED_AUTOS = YES_AGGRESSIVE;
				GCC_WARN_UNUSED_FUNCTION = YES;
				GCC_WARN_UNUSED_VARIABLE = YES;
				IPHONEOS_DEPLOYMENT_TARGET = 13.2;
				MTL_ENABLE_DEBUG_INFO = NO;
				MTL_FAST_MATH = YES;
				SDKROOT = iphoneos;
				SWIFT_COMPILATION_MODE = wholemodule;
				SWIFT_OPTIMIZATION_LEVEL = "-O";
				VALIDATE_PRODUCT = YES;
			};
			name = Release;
		};
		63953A9A23CBC07E0033ACFF /* Debug */ = {
			isa = XCBuildConfiguration;
			buildSettings = {
				ASSETCATALOG_COMPILER_APPICON_NAME = AppIcon;
				CODE_SIGN_STYLE = Automatic;
				CURRENT_PROJECT_VERSION = 1;
				DEVELOPMENT_ASSET_PATHS = "\"CutUpsTwo/Preview Content\"";
				DEVELOPMENT_TEAM = 6WD8PAVMGJ;
				ENABLE_PREVIEWS = YES;
				INFOPLIST_FILE = CutUpsTwo/Info.plist;
				LD_RUNPATH_SEARCH_PATHS = (
					"$(inherited)",
					"@executable_path/Frameworks",
				);
				MARKETING_VERSION = 3.6.2;
				PRODUCT_BUNDLE_IDENTIFIER = grofulet.CutUpsTwo;
				PRODUCT_NAME = "Cut-ups";
				SWIFT_VERSION = 5.0;
				TARGETED_DEVICE_FAMILY = "1,2";
			};
			name = Debug;
		};
		63953A9B23CBC07E0033ACFF /* Release */ = {
			isa = XCBuildConfiguration;
			buildSettings = {
				ASSETCATALOG_COMPILER_APPICON_NAME = AppIcon;
				CODE_SIGN_STYLE = Automatic;
				CURRENT_PROJECT_VERSION = 1;
				DEVELOPMENT_ASSET_PATHS = "\"CutUpsTwo/Preview Content\"";
				DEVELOPMENT_TEAM = 6WD8PAVMGJ;
				ENABLE_PREVIEWS = YES;
				INFOPLIST_FILE = CutUpsTwo/Info.plist;
				LD_RUNPATH_SEARCH_PATHS = (
					"$(inherited)",
					"@executable_path/Frameworks",
				);
				MARKETING_VERSION = 3.6.2;
				PRODUCT_BUNDLE_IDENTIFIER = grofulet.CutUpsTwo;
				PRODUCT_NAME = "Cut-ups";
				SWIFT_VERSION = 5.0;
				TARGETED_DEVICE_FAMILY = "1,2";
			};
			name = Release;
		};
/* End XCBuildConfiguration section */

/* Begin XCConfigurationList section */
		63953A8023CBC07B0033ACFF /* Build configuration list for PBXProject "CutUpsTwo" */ = {
			isa = XCConfigurationList;
			buildConfigurations = (
				63953A9723CBC07E0033ACFF /* Debug */,
				63953A9823CBC07E0033ACFF /* Release */,
			);
			defaultConfigurationIsVisible = 0;
			defaultConfigurationName = Release;
		};
		63953A9923CBC07E0033ACFF /* Build configuration list for PBXNativeTarget "CutUpsTwo" */ = {
			isa = XCConfigurationList;
			buildConfigurations = (
				63953A9A23CBC07E0033ACFF /* Debug */,
				63953A9B23CBC07E0033ACFF /* Release */,
			);
			defaultConfigurationIsVisible = 0;
			defaultConfigurationName = Release;
		};
/* End XCConfigurationList section */
	};
	rootObject = 63953A7D23CBC07B0033ACFF /* Project object */;
}
